
Microsoft Visual Studio Solution File, Format Version 12.00
# Visual Studio Version 16
VisualStudioVersion = 16.0.31727.386
MinimumVisualStudioVersion = 10.0.40219.1
Project("{FAE04EC0-301F-11D3-BF4B-00C04F79EFBC}") = "exBuilder", "exBuilder\exBuilder.csproj", "{C28E6682-E391-4ABF-8171-57BF7EC16EAF}"
EndProject
Global
	GlobalSection(SolutionConfigurationPlatforms) = preSolution
		Debug|Any CPU = Debug|Any CPU
		Release|Any CPU = Release|Any CPU
	EndGlobalSection
	GlobalSection(ProjectConfigurationPlatforms) = postSolution
		{C28E6682-E391-4ABF-8171-57BF7EC16EAF}.Debug|Any CPU.ActiveCfg = Debug|Any CPU
		{C28E6682-E391-4ABF-8171-57BF7EC16EAF}.Debug|Any CPU.Build.0 = Debug|Any CPU
		{C28E6682-E391-4ABF-8171-57BF7EC16EAF}.Release|Any CPU.ActiveCfg = Release|Any CPU
		{C28E6682-E391-4ABF-8171-57BF7EC16EAF}.Release|Any CPU.Build.0 = Release|Any CPU
	EndGlobalSection
	GlobalSection(SolutionProperties) = preSolution
		HideSolutionNode = FALSE
	EndGlobalSection
	GlobalSection(ExtensibilityGlobals) = postSolution
		SolutionGuid = {F608BD4F-A398-4867-9966-AF6D160C7985}
	EndGlobalSection
EndGlobal
