
Microsoft Visual Studio Solution File, Format Version 12.00
# Visual Studio Version 16
VisualStudioVersion = 16.0.31727.386
MinimumVisualStudioVersion = 10.0.40219.1
Project("{FAE04EC0-301F-11D3-BF4B-00C04F79EFBC}") = "exInterpreter", "exInterpreter\exInterpreter.csproj", "{12C804F3-E6F6-496A-B259-2F6189BF1FD1}"
EndProject
Global
	GlobalSection(SolutionConfigurationPlatforms) = preSolution
		Debug|Any CPU = Debug|Any CPU
		Release|Any CPU = Release|Any CPU
	EndGlobalSection
	GlobalSection(ProjectConfigurationPlatforms) = postSolution
		{12C804F3-E6F6-496A-B259-2F6189BF1FD1}.Debug|Any CPU.ActiveCfg = Debug|Any CPU
		{12C804F3-E6F6-496A-B259-2F6189BF1FD1}.Debug|Any CPU.Build.0 = Debug|Any CPU
		{12C804F3-E6F6-496A-B259-2F6189BF1FD1}.Release|Any CPU.ActiveCfg = Release|Any CPU
		{12C804F3-E6F6-496A-B259-2F6189BF1FD1}.Release|Any CPU.Build.0 = Release|Any CPU
	EndGlobalSection
	GlobalSection(SolutionProperties) = preSolution
		HideSolutionNode = FALSE
	EndGlobalSection
	GlobalSection(ExtensibilityGlobals) = postSolution
		SolutionGuid = {5577118B-1C03-4B74-8285-61F080A46DF8}
	EndGlobalSection
EndGlobal
