
Microsoft Visual Studio Solution File, Format Version 12.00
# Visual Studio 14
VisualStudioVersion = 14.0.25420.1
MinimumVisualStudioVersion = 10.0.40219.1
Project("{FAE04EC0-301F-11D3-BF4B-00C04F79EFBC}") = "AdapterPattern", "AdapterPattern\AdapterPattern.csproj", "{353D2B99-8AD3-491E-8A31-5594B24BC44C}"
EndProject
Global
	GlobalSection(SolutionConfigurationPlatforms) = preSolution
		Debug|Any CPU = Debug|Any CPU
		Release|Any CPU = Release|Any CPU
	EndGlobalSection
	GlobalSection(ProjectConfigurationPlatforms) = postSolution
		{353D2B99-8AD3-491E-8A31-5594B24BC44C}.Debug|Any CPU.ActiveCfg = Debug|Any CPU
		{353D2B99-8AD3-491E-8A31-5594B24BC44C}.Debug|Any CPU.Build.0 = Debug|Any CPU
		{353D2B99-8AD3-491E-8A31-5594B24BC44C}.Release|Any CPU.ActiveCfg = Release|Any CPU
		{353D2B99-8AD3-491E-8A31-5594B24BC44C}.Release|Any CPU.Build.0 = Release|Any CPU
	EndGlobalSection
	GlobalSection(SolutionProperties) = preSolution
		HideSolutionNode = FALSE
	EndGlobalSection
EndGlobal
